
Microsoft Visual Studio Solution File, Format Version 12.00
# Visual Studio 2013
VisualStudioVersion = 12.0.40629.0
MinimumVisualStudioVersion = 10.0.40219.1
Project("{FAE04EC0-301F-11D3-BF4B-00C04F79EFBC}") = "angularTest2", "angularTest2\angularTest2.csproj", "{4CADF4DF-C4A6-4F5D-9FAA-95D8AD459789}"
EndProject
Global
	GlobalSection(SolutionConfigurationPlatforms) = preSolution
		Debug|Any CPU = Debug|Any CPU
		Release|Any CPU = Release|Any CPU
	EndGlobalSection
	GlobalSection(ProjectConfigurationPlatforms) = postSolution
		{4CADF4DF-C4A6-4F5D-9FAA-95D8AD459789}.Debug|Any CPU.ActiveCfg = Debug|Any CPU
		{4CADF4DF-C4A6-4F5D-9FAA-95D8AD459789}.Debug|Any CPU.Build.0 = Debug|Any CPU
		{4CADF4DF-C4A6-4F5D-9FAA-95D8AD459789}.Release|Any CPU.ActiveCfg = Release|Any CPU
		{4CADF4DF-C4A6-4F5D-9FAA-95D8AD459789}.Release|Any CPU.Build.0 = Release|Any CPU
	EndGlobalSection
	GlobalSection(SolutionProperties) = preSolution
		HideSolutionNode = FALSE
	EndGlobalSection
EndGlobal
