
Microsoft Visual Studio Solution File, Format Version 12.00
# Visual Studio 15
VisualStudioVersion = 15.0.27428.2037
MinimumVisualStudioVersion = 10.0.40219.1
Project("{FAE04EC0-301F-11D3-BF4B-00C04F79EFBC}") = "jwtAuthentication", "jwtAutentication\jwtAuthentication.csproj", "{268E7C34-3DA2-472F-B7F1-AD4DFD2054AC}"
EndProject
Global
	GlobalSection(SolutionConfigurationPlatforms) = preSolution
		Debug|Any CPU = Debug|Any CPU
		Release|Any CPU = Release|Any CPU
	EndGlobalSection
	GlobalSection(ProjectConfigurationPlatforms) = postSolution
		{268E7C34-3DA2-472F-B7F1-AD4DFD2054AC}.Debug|Any CPU.ActiveCfg = Debug|Any CPU
		{268E7C34-3DA2-472F-B7F1-AD4DFD2054AC}.Debug|Any CPU.Build.0 = Debug|Any CPU
		{268E7C34-3DA2-472F-B7F1-AD4DFD2054AC}.Release|Any CPU.ActiveCfg = Release|Any CPU
		{268E7C34-3DA2-472F-B7F1-AD4DFD2054AC}.Release|Any CPU.Build.0 = Release|Any CPU
	EndGlobalSection
	GlobalSection(SolutionProperties) = preSolution
		HideSolutionNode = FALSE
	EndGlobalSection
	GlobalSection(ExtensibilityGlobals) = postSolution
		SolutionGuid = {5066A4BA-D3A4-487C-88D1-59B5AF6CEEF8}
	EndGlobalSection
EndGlobal
