
Microsoft Visual Studio Solution File, Format Version 12.00
# Visual Studio Version 16
VisualStudioVersion = 16.0.31005.135
MinimumVisualStudioVersion = 10.0.40219.1
Project("{FAE04EC0-301F-11D3-BF4B-00C04F79EFBC}") = "GoogleGmailAPi", "GoogleGmailAPi.csproj", "{ADC3F265-F77A-4059-816B-1D6A3EA4E9B1}"
EndProject
Global
	GlobalSection(SolutionConfigurationPlatforms) = preSolution
		Debug|Any CPU = Debug|Any CPU
		Release|Any CPU = Release|Any CPU
	EndGlobalSection
	GlobalSection(ProjectConfigurationPlatforms) = postSolution
		{ADC3F265-F77A-4059-816B-1D6A3EA4E9B1}.Debug|Any CPU.ActiveCfg = Debug|Any CPU
		{ADC3F265-F77A-4059-816B-1D6A3EA4E9B1}.Debug|Any CPU.Build.0 = Debug|Any CPU
		{ADC3F265-F77A-4059-816B-1D6A3EA4E9B1}.Release|Any CPU.ActiveCfg = Release|Any CPU
		{ADC3F265-F77A-4059-816B-1D6A3EA4E9B1}.Release|Any CPU.Build.0 = Release|Any CPU
	EndGlobalSection
	GlobalSection(SolutionProperties) = preSolution
		HideSolutionNode = FALSE
	EndGlobalSection
	GlobalSection(ExtensibilityGlobals) = postSolution
		SolutionGuid = {906A8AA2-D93F-4E8B-8295-A09AD9F080A9}
	EndGlobalSection
EndGlobal
